
Microsoft Visual Studio Solution File, Format Version 12.00
# Visual Studio Version 17
VisualStudioVersion = 17.5.33627.172
MinimumVisualStudioVersion = 10.0.40219.1
Project("{FAE04EC0-301F-11D3-BF4B-00C04F79EFBC}") = "nikhil", "nikhil\nikhil.csproj", "{FE6C4E3F-79C8-444B-A8DD-8BAB3E53A06A}"
EndProject
Global
	GlobalSection(SolutionConfigurationPlatforms) = preSolution
		Debug|Any CPU = Debug|Any CPU
		Release|Any CPU = Release|Any CPU
	EndGlobalSection
	GlobalSection(ProjectConfigurationPlatforms) = postSolution
		{FE6C4E3F-79C8-444B-A8DD-8BAB3E53A06A}.Debug|Any CPU.ActiveCfg = Debug|Any CPU
		{FE6C4E3F-79C8-444B-A8DD-8BAB3E53A06A}.Debug|Any CPU.Build.0 = Debug|Any CPU
		{FE6C4E3F-79C8-444B-A8DD-8BAB3E53A06A}.Release|Any CPU.ActiveCfg = Release|Any CPU
		{FE6C4E3F-79C8-444B-A8DD-8BAB3E53A06A}.Release|Any CPU.Build.0 = Release|Any CPU
	EndGlobalSection
	GlobalSection(SolutionProperties) = preSolution
		HideSolutionNode = FALSE
	EndGlobalSection
	GlobalSection(ExtensibilityGlobals) = postSolution
		SolutionGuid = {6AA37BA3-4EC6-4B3A-96C7-3346654D1457}
	EndGlobalSection
EndGlobal
